// !$*UTF8*$!
{
	archiveVersion = 1;
	classes = {
	};
	objectVersion = 56;
	objects = {

/* Begin PBXBuildFile section */
		43E95A7D2CA3F87F00233A1F /* ActivityService.swift in Sources */ = {isa = PBXBuildFile; fileRef = 43E95A7C2CA3F87F00233A1F /* ActivityService.swift */; };
		43EFC1E42C9D4CA800F01213 /* GoogleService-Info.plist in Resources */ = {isa = PBXBuildFile; fileRef = 43EFC1E32C9D4CA800F01213 /* GoogleService-Info.plist */; };
		43EFC1E72C9D4DB700F01213 /* FirebaseAnalytics in Frameworks */ = {isa = PBXBuildFile; productRef = 43EFC1E62C9D4DB700F01213 /* FirebaseAnalytics */; };
		43EFC1E92C9D4DB700F01213 /* FirebaseAnalyticsOnDeviceConversion in Frameworks */ = {isa = PBXBuildFile; productRef = 43EFC1E82C9D4DB700F01213 /* FirebaseAnalyticsOnDeviceConversion */; };
		43EFC1EB2C9D4DB700F01213 /* FirebaseAnalyticsWithoutAdIdSupport in Frameworks */ = {isa = PBXBuildFile; productRef = 43EFC1EA2C9D4DB700F01213 /* FirebaseAnalyticsWithoutAdIdSupport */; };
		43EFC1ED2C9D4DB700F01213 /* FirebaseAppCheck in Frameworks */ = {isa = PBXBuildFile; productRef = 43EFC1EC2C9D4DB700F01213 /* FirebaseAppCheck */; };
		43EFC1EF2C9D4DB700F01213 /* FirebaseAppDistribution-Beta in Frameworks */ = {isa = PBXBuildFile; productRef = 43EFC1EE2C9D4DB700F01213 /* FirebaseAppDistribution-Beta */; };
		43EFC1FB2C9D531700F01213 /* FirebaseAnalytics in Frameworks */ = {isa = PBXBuildFile; productRef = 43EFC1FA2C9D531700F01213 /* FirebaseAnalytics */; };
		43EFC1FD2C9D531700F01213 /* FirebaseAnalyticsOnDeviceConversion in Frameworks */ = {isa = PBXBuildFile; productRef = 43EFC1FC2C9D531700F01213 /* FirebaseAnalyticsOnDeviceConversion */; };
		43EFC1FF2C9D531700F01213 /* FirebaseAnalyticsWithoutAdIdSupport in Frameworks */ = {isa = PBXBuildFile; productRef = 43EFC1FE2C9D531700F01213 /* FirebaseAnalyticsWithoutAdIdSupport */; };
		43EFC2012C9D531700F01213 /* FirebaseAppCheck in Frameworks */ = {isa = PBXBuildFile; productRef = 43EFC2002C9D531700F01213 /* FirebaseAppCheck */; };
		43EFC2032C9D531700F01213 /* FirebaseAppDistribution-Beta in Frameworks */ = {isa = PBXBuildFile; productRef = 43EFC2022C9D531700F01213 /* FirebaseAppDistribution-Beta */; };
		43EFC2052C9D531700F01213 /* FirebaseAuth in Frameworks */ = {isa = PBXBuildFile; productRef = 43EFC2042C9D531700F01213 /* FirebaseAuth */; };
		43EFC2072C9D531700F01213 /* FirebaseAuthCombine-Community in Frameworks */ = {isa = PBXBuildFile; productRef = 43EFC2062C9D531700F01213 /* FirebaseAuthCombine-Community */; };
		43EFC2092C9D531700F01213 /* FirebaseCrashlytics in Frameworks */ = {isa = PBXBuildFile; productRef = 43EFC2082C9D531700F01213 /* FirebaseCrashlytics */; };
		43EFC20B2C9D531700F01213 /* FirebaseDatabase in Frameworks */ = {isa = PBXBuildFile; productRef = 43EFC20A2C9D531700F01213 /* FirebaseDatabase */; };
		43EFC20D2C9D531700F01213 /* FirebaseDynamicLinks in Frameworks */ = {isa = PBXBuildFile; productRef = 43EFC20C2C9D531700F01213 /* FirebaseDynamicLinks */; };
		43EFC20F2C9D531700F01213 /* FirebaseFirestore in Frameworks */ = {isa = PBXBuildFile; productRef = 43EFC20E2C9D531700F01213 /* FirebaseFirestore */; };
		43EFC2112C9D531700F01213 /* FirebaseFirestoreCombine-Community in Frameworks */ = {isa = PBXBuildFile; productRef = 43EFC2102C9D531700F01213 /* FirebaseFirestoreCombine-Community */; };
		43EFC2132C9D531700F01213 /* FirebaseFunctions in Frameworks */ = {isa = PBXBuildFile; productRef = 43EFC2122C9D531700F01213 /* FirebaseFunctions */; };
		43EFC2152C9D531700F01213 /* FirebaseFunctionsCombine-Community in Frameworks */ = {isa = PBXBuildFile; productRef = 43EFC2142C9D531700F01213 /* FirebaseFunctionsCombine-Community */; };
		43EFC2172C9D531700F01213 /* FirebaseInAppMessaging-Beta in Frameworks */ = {isa = PBXBuildFile; productRef = 43EFC2162C9D531700F01213 /* FirebaseInAppMessaging-Beta */; };
		43EFC2192C9D531700F01213 /* FirebaseInstallations in Frameworks */ = {isa = PBXBuildFile; productRef = 43EFC2182C9D531700F01213 /* FirebaseInstallations */; };
		43EFC21B2C9D531700F01213 /* FirebaseMLModelDownloader in Frameworks */ = {isa = PBXBuildFile; productRef = 43EFC21A2C9D531700F01213 /* FirebaseMLModelDownloader */; };
		43EFC21D2C9D531700F01213 /* FirebaseMessaging in Frameworks */ = {isa = PBXBuildFile; productRef = 43EFC21C2C9D531700F01213 /* FirebaseMessaging */; };
		43EFC21F2C9D531700F01213 /* FirebasePerformance in Frameworks */ = {isa = PBXBuildFile; productRef = 43EFC21E2C9D531700F01213 /* FirebasePerformance */; };
		43EFC2212C9D531700F01213 /* FirebaseRemoteConfig in Frameworks */ = {isa = PBXBuildFile; productRef = 43EFC2202C9D531700F01213 /* FirebaseRemoteConfig */; };
		43EFC2232C9D531700F01213 /* FirebaseStorage in Frameworks */ = {isa = PBXBuildFile; productRef = 43EFC2222C9D531700F01213 /* FirebaseStorage */; };
		43EFC2252C9D531700F01213 /* FirebaseStorageCombine-Community in Frameworks */ = {isa = PBXBuildFile; productRef = 43EFC2242C9D531700F01213 /* FirebaseStorageCombine-Community */; };
		43EFC2272C9D531700F01213 /* FirebaseVertexAI-Preview in Frameworks */ = {isa = PBXBuildFile; productRef = 43EFC2262C9D531700F01213 /* FirebaseVertexAI-Preview */; };
		43EFC22A2C9D559600F01213 /* AuthenticationService.swift in Sources */ = {isa = PBXBuildFile; fileRef = 43EFC1F82C9D51C300F01213 /* AuthenticationService.swift */; };
		43EFC22C2C9D559600F01213 /* AuthenticationViewModel.swift in Sources */ = {isa = PBXBuildFile; fileRef = 43EFC1F02C9D511200F01213 /* AuthenticationViewModel.swift */; };
		43EFC2302C9D559600F01213 /* LoginView.swift in Sources */ = {isa = PBXBuildFile; fileRef = 43EFC1F32C9D519300F01213 /* LoginView.swift */; };
		43EFC2312C9D559600F01213 /* SignUpView.swift in Sources */ = {isa = PBXBuildFile; fileRef = 43EFC1F52C9D51A300F01213 /* SignUpView.swift */; };
		610DA2032CA402B9001D15F2 /* EditActivityView.swift in Sources */ = {isa = PBXBuildFile; fileRef = 610DA2022CA402B9001D15F2 /* EditActivityView.swift */; };
		615390212C86068500E8EAEE /* User.swift in Sources */ = {isa = PBXBuildFile; fileRef = 615390202C86068500E8EAEE /* User.swift */; };
		615390242C86D9EC00E8EAEE /*  ProfileViewModel.swift in Sources */ = {isa = PBXBuildFile; fileRef = 615390232C86D9EC00E8EAEE /*  ProfileViewModel.swift */; };
		6186D5352C8C15200003048F /* Reward.swift in Sources */ = {isa = PBXBuildFile; fileRef = 6186D5342C8C15200003048F /* Reward.swift */; };
		618CA4112C9D57F0007B3D79 /* ActivityDetailedView.swift in Sources */ = {isa = PBXBuildFile; fileRef = 618CA4102C9D57F0007B3D79 /* ActivityDetailedView.swift */; };
		618CA41F2C9DCAAD007B3D79 /* CreateActivityView.swift in Sources */ = {isa = PBXBuildFile; fileRef = 618CA41E2C9DCAAD007B3D79 /* CreateActivityView.swift */; };
		619FEE262C958112008175F0 /* SettingView.swift in Sources */ = {isa = PBXBuildFile; fileRef = 619FEE252C958112008175F0 /* SettingView.swift */; };
		932BF88C2C88AF5D001B1EFD /* LocationManager.swift in Sources */ = {isa = PBXBuildFile; fileRef = 932BF88B2C88AF5D001B1EFD /* LocationManager.swift */; };
		93407DDB2C9D4E2100AB721F /* Activity.swift in Sources */ = {isa = PBXBuildFile; fileRef = 93407DDA2C9D4E2000AB721F /* Activity.swift */; };
		93407DDE2C9D4E6C00AB721F /* ChatView.swift in Sources */ = {isa = PBXBuildFile; fileRef = 93407DDD2C9D4E6C00AB721F /* ChatView.swift */; };
		93407DE02C9D4E8400AB721F /* InviteFriendsView.swift in Sources */ = {isa = PBXBuildFile; fileRef = 93407DDF2C9D4E8400AB721F /* InviteFriendsView.swift */; };
		93407DFB2C9D639200AB721F /* CategoryModel.swift in Sources */ = {isa = PBXBuildFile; fileRef = 93CAD4A42C7CAFD100D0D340 /* CategoryModel.swift */; };
		9357DC942C858B19000C0B44 /* HomeView.swift in Sources */ = {isa = PBXBuildFile; fileRef = 9357DC932C858B19000C0B44 /* HomeView.swift */; };
		9357DC982C85F755000C0B44 /* ProfileView.swift in Sources */ = {isa = PBXBuildFile; fileRef = 9357DC972C85F755000C0B44 /* ProfileView.swift */; };
		9357DC9F2C86045E000C0B44 /* EditProfileView.swift in Sources */ = {isa = PBXBuildFile; fileRef = 9357DC9E2C86045E000C0B44 /* EditProfileView.swift */; };
		939A83472C8EB5F400007615 /* ActivityView.swift in Sources */ = {isa = PBXBuildFile; fileRef = 939A83462C8EB5F400007615 /* ActivityView.swift */; };
		93B5186A2C8C8706007EFF6C /* RewardsView.swift in Sources */ = {isa = PBXBuildFile; fileRef = 93B518692C8C8706007EFF6C /* RewardsView.swift */; };
		93B5186F2C8CA37D007EFF6C /* AppTabBarView.swift in Sources */ = {isa = PBXBuildFile; fileRef = 93B5186E2C8CA37D007EFF6C /* AppTabBarView.swift */; };
		93B518712C8CA39E007EFF6C /* CustomTabBarContainerView.swift in Sources */ = {isa = PBXBuildFile; fileRef = 93B518702C8CA39D007EFF6C /* CustomTabBarContainerView.swift */; };
		93B518732C8CA3BF007EFF6C /* CustomTabBarView.swift in Sources */ = {isa = PBXBuildFile; fileRef = 93B518722C8CA3BF007EFF6C /* CustomTabBarView.swift */; };
		93B518752C8CA3D2007EFF6C /* TabBarItem.swift in Sources */ = {isa = PBXBuildFile; fileRef = 93B518742C8CA3D2007EFF6C /* TabBarItem.swift */; };
		93B518772C8CA3EA007EFF6C /* TabBarItemsPreferenceKey.swift in Sources */ = {isa = PBXBuildFile; fileRef = 93B518762C8CA3EA007EFF6C /* TabBarItemsPreferenceKey.swift */; };
		93CAD48D2C7CA88D00D0D340 /* SpontaneoApp.swift in Sources */ = {isa = PBXBuildFile; fileRef = 93CAD48C2C7CA88D00D0D340 /* SpontaneoApp.swift */; };
		93CAD4912C7CA88F00D0D340 /* Assets.xcassets in Resources */ = {isa = PBXBuildFile; fileRef = 93CAD4902C7CA88F00D0D340 /* Assets.xcassets */; };
		93CAD4942C7CA88F00D0D340 /* Preview Assets.xcassets in Resources */ = {isa = PBXBuildFile; fileRef = 93CAD4932C7CA88F00D0D340 /* Preview Assets.xcassets */; };
/* End PBXBuildFile section */

/* Begin PBXFileReference section */
		43E95A7C2CA3F87F00233A1F /* ActivityService.swift */ = {isa = PBXFileReference; lastKnownFileType = sourcecode.swift; path = ActivityService.swift; sourceTree = "<group>"; };
		43EFC1E32C9D4CA800F01213 /* GoogleService-Info.plist */ = {isa = PBXFileReference; fileEncoding = 4; lastKnownFileType = text.plist.xml; path = "GoogleService-Info.plist"; sourceTree = "<group>"; };
		43EFC1F02C9D511200F01213 /* AuthenticationViewModel.swift */ = {isa = PBXFileReference; lastKnownFileType = sourcecode.swift; path = AuthenticationViewModel.swift; sourceTree = "<group>"; };
		43EFC1F32C9D519300F01213 /* LoginView.swift */ = {isa = PBXFileReference; lastKnownFileType = sourcecode.swift; path = LoginView.swift; sourceTree = "<group>"; };
		43EFC1F52C9D51A300F01213 /* SignUpView.swift */ = {isa = PBXFileReference; lastKnownFileType = sourcecode.swift; path = SignUpView.swift; sourceTree = "<group>"; };
		43EFC1F82C9D51C300F01213 /* AuthenticationService.swift */ = {isa = PBXFileReference; lastKnownFileType = sourcecode.swift; path = AuthenticationService.swift; sourceTree = "<group>"; };
		610DA2022CA402B9001D15F2 /* EditActivityView.swift */ = {isa = PBXFileReference; lastKnownFileType = sourcecode.swift; path = EditActivityView.swift; sourceTree = "<group>"; };
		615390202C86068500E8EAEE /* User.swift */ = {isa = PBXFileReference; lastKnownFileType = sourcecode.swift; path = User.swift; sourceTree = "<group>"; };
		615390232C86D9EC00E8EAEE /*  ProfileViewModel.swift */ = {isa = PBXFileReference; lastKnownFileType = sourcecode.swift; path = " ProfileViewModel.swift"; sourceTree = "<group>"; };
		6186D5342C8C15200003048F /* Reward.swift */ = {isa = PBXFileReference; fileEncoding = 4; lastKnownFileType = sourcecode.swift; path = Reward.swift; sourceTree = "<group>"; };
		618CA4102C9D57F0007B3D79 /* ActivityDetailedView.swift */ = {isa = PBXFileReference; lastKnownFileType = sourcecode.swift; path = ActivityDetailedView.swift; sourceTree = "<group>"; };
		618CA41E2C9DCAAD007B3D79 /* CreateActivityView.swift */ = {isa = PBXFileReference; lastKnownFileType = sourcecode.swift; path = CreateActivityView.swift; sourceTree = "<group>"; };
		619FEE252C958112008175F0 /* SettingView.swift */ = {isa = PBXFileReference; lastKnownFileType = sourcecode.swift; path = SettingView.swift; sourceTree = "<group>"; };
		932BF88B2C88AF5D001B1EFD /* LocationManager.swift */ = {isa = PBXFileReference; lastKnownFileType = sourcecode.swift; path = LocationManager.swift; sourceTree = "<group>"; };
		93407DDA2C9D4E2000AB721F /* Activity.swift */ = {isa = PBXFileReference; lastKnownFileType = sourcecode.swift; path = Activity.swift; sourceTree = "<group>"; };
		93407DDD2C9D4E6C00AB721F /* ChatView.swift */ = {isa = PBXFileReference; lastKnownFileType = sourcecode.swift; path = ChatView.swift; sourceTree = "<group>"; };
		93407DDF2C9D4E8400AB721F /* InviteFriendsView.swift */ = {isa = PBXFileReference; lastKnownFileType = sourcecode.swift; path = InviteFriendsView.swift; sourceTree = "<group>"; };
		9357DC932C858B19000C0B44 /* HomeView.swift */ = {isa = PBXFileReference; lastKnownFileType = sourcecode.swift; path = HomeView.swift; sourceTree = "<group>"; };
		9357DC972C85F755000C0B44 /* ProfileView.swift */ = {isa = PBXFileReference; lastKnownFileType = sourcecode.swift; path = ProfileView.swift; sourceTree = "<group>"; };
		9357DC9E2C86045E000C0B44 /* EditProfileView.swift */ = {isa = PBXFileReference; lastKnownFileType = sourcecode.swift; path = EditProfileView.swift; sourceTree = "<group>"; };
		939A83462C8EB5F400007615 /* ActivityView.swift */ = {isa = PBXFileReference; lastKnownFileType = sourcecode.swift; path = ActivityView.swift; sourceTree = "<group>"; };
		93B518692C8C8706007EFF6C /* RewardsView.swift */ = {isa = PBXFileReference; lastKnownFileType = sourcecode.swift; path = RewardsView.swift; sourceTree = "<group>"; };
		93B5186E2C8CA37D007EFF6C /* AppTabBarView.swift */ = {isa = PBXFileReference; lastKnownFileType = sourcecode.swift; path = AppTabBarView.swift; sourceTree = "<group>"; };
		93B518702C8CA39D007EFF6C /* CustomTabBarContainerView.swift */ = {isa = PBXFileReference; lastKnownFileType = sourcecode.swift; path = CustomTabBarContainerView.swift; sourceTree = "<group>"; };
		93B518722C8CA3BF007EFF6C /* CustomTabBarView.swift */ = {isa = PBXFileReference; lastKnownFileType = sourcecode.swift; path = CustomTabBarView.swift; sourceTree = "<group>"; };
		93B518742C8CA3D2007EFF6C /* TabBarItem.swift */ = {isa = PBXFileReference; lastKnownFileType = sourcecode.swift; path = TabBarItem.swift; sourceTree = "<group>"; };
		93B518762C8CA3EA007EFF6C /* TabBarItemsPreferenceKey.swift */ = {isa = PBXFileReference; lastKnownFileType = sourcecode.swift; path = TabBarItemsPreferenceKey.swift; sourceTree = "<group>"; };
		93CAD4892C7CA88D00D0D340 /* Spontaneo.app */ = {isa = PBXFileReference; explicitFileType = wrapper.application; includeInIndex = 0; path = Spontaneo.app; sourceTree = BUILT_PRODUCTS_DIR; };
		93CAD48C2C7CA88D00D0D340 /* SpontaneoApp.swift */ = {isa = PBXFileReference; lastKnownFileType = sourcecode.swift; path = SpontaneoApp.swift; sourceTree = "<group>"; };
		93CAD4902C7CA88F00D0D340 /* Assets.xcassets */ = {isa = PBXFileReference; lastKnownFileType = folder.assetcatalog; path = Assets.xcassets; sourceTree = "<group>"; };
		93CAD4932C7CA88F00D0D340 /* Preview Assets.xcassets */ = {isa = PBXFileReference; lastKnownFileType = folder.assetcatalog; path = "Preview Assets.xcassets"; sourceTree = "<group>"; };
		93CAD4A42C7CAFD100D0D340 /* CategoryModel.swift */ = {isa = PBXFileReference; lastKnownFileType = sourcecode.swift; path = CategoryModel.swift; sourceTree = "<group>"; };
/* End PBXFileReference section */

/* Begin PBXFrameworksBuildPhase section */
		93CAD4862C7CA88D00D0D340 /* Frameworks */ = {
			isa = PBXFrameworksBuildPhase;
			buildActionMask = 2147483647;
			files = (
				43EFC1ED2C9D4DB700F01213 /* FirebaseAppCheck in Frameworks */,
				43EFC1E72C9D4DB700F01213 /* FirebaseAnalytics in Frameworks */,
				43EFC1FB2C9D531700F01213 /* FirebaseAnalytics in Frameworks */,
				43EFC21D2C9D531700F01213 /* FirebaseMessaging in Frameworks */,
				43EFC2132C9D531700F01213 /* FirebaseFunctions in Frameworks */,
				43EFC1FD2C9D531700F01213 /* FirebaseAnalyticsOnDeviceConversion in Frameworks */,
				43EFC1EF2C9D4DB700F01213 /* FirebaseAppDistribution-Beta in Frameworks */,
				43EFC20F2C9D531700F01213 /* FirebaseFirestore in Frameworks */,
				43EFC21B2C9D531700F01213 /* FirebaseMLModelDownloader in Frameworks */,
				43EFC1EB2C9D4DB700F01213 /* FirebaseAnalyticsWithoutAdIdSupport in Frameworks */,
				43EFC1E92C9D4DB700F01213 /* FirebaseAnalyticsOnDeviceConversion in Frameworks */,
				43EFC2072C9D531700F01213 /* FirebaseAuthCombine-Community in Frameworks */,
				43EFC2052C9D531700F01213 /* FirebaseAuth in Frameworks */,
				43EFC2152C9D531700F01213 /* FirebaseFunctionsCombine-Community in Frameworks */,
				43EFC21F2C9D531700F01213 /* FirebasePerformance in Frameworks */,
				43EFC2092C9D531700F01213 /* FirebaseCrashlytics in Frameworks */,
				43EFC2252C9D531700F01213 /* FirebaseStorageCombine-Community in Frameworks */,
				43EFC2112C9D531700F01213 /* FirebaseFirestoreCombine-Community in Frameworks */,
				43EFC2032C9D531700F01213 /* FirebaseAppDistribution-Beta in Frameworks */,
				43EFC2192C9D531700F01213 /* FirebaseInstallations in Frameworks */,
				43EFC2212C9D531700F01213 /* FirebaseRemoteConfig in Frameworks */,
				43EFC2012C9D531700F01213 /* FirebaseAppCheck in Frameworks */,
				43EFC2232C9D531700F01213 /* FirebaseStorage in Frameworks */,
				43EFC20B2C9D531700F01213 /* FirebaseDatabase in Frameworks */,
				43EFC2272C9D531700F01213 /* FirebaseVertexAI-Preview in Frameworks */,
				43EFC1FF2C9D531700F01213 /* FirebaseAnalyticsWithoutAdIdSupport in Frameworks */,
				43EFC20D2C9D531700F01213 /* FirebaseDynamicLinks in Frameworks */,
				43EFC2172C9D531700F01213 /* FirebaseInAppMessaging-Beta in Frameworks */,
			);
			runOnlyForDeploymentPostprocessing = 0;
		};
/* End PBXFrameworksBuildPhase section */

/* Begin PBXGroup section */
		43EFC1F22C9D518000F01213 /* Authentication */ = {
			isa = PBXGroup;
			children = (
				43EFC1F32C9D519300F01213 /* LoginView.swift */,
				43EFC1F52C9D51A300F01213 /* SignUpView.swift */,
			);
			path = Authentication;
			sourceTree = "<group>";
		};
		43EFC1F72C9D51B400F01213 /* Services */ = {
			isa = PBXGroup;
			children = (
				43EFC1F82C9D51C300F01213 /* AuthenticationService.swift */,
				43E95A7C2CA3F87F00233A1F /* ActivityService.swift */,
			);
			path = Services;
			sourceTree = "<group>";
		};
		615390222C86D9D600E8EAEE /* ViewModels */ = {
			isa = PBXGroup;
			children = (
				615390232C86D9EC00E8EAEE /*  ProfileViewModel.swift */,
				43EFC1F02C9D511200F01213 /* AuthenticationViewModel.swift */,
			);
			path = ViewModels;
			sourceTree = "<group>";
		};
		93407DDC2C9D4E6100AB721F /* Chat */ = {
			isa = PBXGroup;
			children = (
				93407DDD2C9D4E6C00AB721F /* ChatView.swift */,
				93407DDF2C9D4E8400AB721F /* InviteFriendsView.swift */,
			);
			path = Chat;
			sourceTree = "<group>";
		};
		9357DC9B2C860410000C0B44 /* Profile */ = {
			isa = PBXGroup;
			children = (
				9357DC972C85F755000C0B44 /* ProfileView.swift */,
				9357DC9E2C86045E000C0B44 /* EditProfileView.swift */,
				619FEE252C958112008175F0 /* SettingView.swift */,
			);
			path = Profile;
			sourceTree = "<group>";
		};
		9357DC9C2C86041F000C0B44 /* Home */ = {
			isa = PBXGroup;
			children = (
				9357DC932C858B19000C0B44 /* HomeView.swift */,
			);
			path = Home;
			sourceTree = "<group>";
		};
		9357DC9D2C860437000C0B44 /* Services */ = {
			isa = PBXGroup;
			children = (
				932BF88B2C88AF5D001B1EFD /* LocationManager.swift */,
			);
			path = Services;
			sourceTree = "<group>";
		};
		939A83452C8EB5DD00007615 /* Activity */ = {
			isa = PBXGroup;
			children = (
				939A83462C8EB5F400007615 /* ActivityView.swift */,
				618CA4102C9D57F0007B3D79 /* ActivityDetailedView.swift */,
				618CA41E2C9DCAAD007B3D79 /* CreateActivityView.swift */,
				610DA2022CA402B9001D15F2 /* EditActivityView.swift */,
			);
			path = Activity;
			sourceTree = "<group>";
		};
		93B518682C8C86FD007EFF6C /* Rewards */ = {
			isa = PBXGroup;
			children = (
				93B518692C8C8706007EFF6C /* RewardsView.swift */,
			);
			path = Rewards;
			sourceTree = "<group>";
		};
		93B5186D2C8CA2E8007EFF6C /* NavBar */ = {
			isa = PBXGroup;
			children = (
				93B5186E2C8CA37D007EFF6C /* AppTabBarView.swift */,
				93B518702C8CA39D007EFF6C /* CustomTabBarContainerView.swift */,
				93B518722C8CA3BF007EFF6C /* CustomTabBarView.swift */,
				93B518742C8CA3D2007EFF6C /* TabBarItem.swift */,
				93B518762C8CA3EA007EFF6C /* TabBarItemsPreferenceKey.swift */,
			);
			path = NavBar;
			sourceTree = "<group>";
		};
		93CAD4802C7CA88D00D0D340 = {
			isa = PBXGroup;
			children = (
				43EFC1E32C9D4CA800F01213 /* GoogleService-Info.plist */,
				93CAD48B2C7CA88D00D0D340 /* Spontaneo */,
				93CAD48A2C7CA88D00D0D340 /* Products */,
			);
			sourceTree = "<group>";
		};
		93CAD48A2C7CA88D00D0D340 /* Products */ = {
			isa = PBXGroup;
			children = (
				93CAD4892C7CA88D00D0D340 /* Spontaneo.app */,
			);
			name = Products;
			sourceTree = "<group>";
		};
		93CAD48B2C7CA88D00D0D340 /* Spontaneo */ = {
			isa = PBXGroup;
			children = (
				43EFC1F72C9D51B400F01213 /* Services */,
				615390222C86D9D600E8EAEE /* ViewModels */,
				93CAD49D2C7CAE7600D0D340 /* Model */,
				93CAD49A2C7CAE0900D0D340 /* View */,
				93CAD48C2C7CA88D00D0D340 /* SpontaneoApp.swift */,
				93CAD4902C7CA88F00D0D340 /* Assets.xcassets */,
				93CAD4922C7CA88F00D0D340 /* Preview Content */,
			);
			path = Spontaneo;
			sourceTree = "<group>";
		};
		93CAD4922C7CA88F00D0D340 /* Preview Content */ = {
			isa = PBXGroup;
			children = (
				93CAD4932C7CA88F00D0D340 /* Preview Assets.xcassets */,
			);
			path = "Preview Content";
			sourceTree = "<group>";
		};
		93CAD49A2C7CAE0900D0D340 /* View */ = {
			isa = PBXGroup;
			children = (
				43EFC1F22C9D518000F01213 /* Authentication */,
				93407DDC2C9D4E6100AB721F /* Chat */,
				939A83452C8EB5DD00007615 /* Activity */,
				93B5186D2C8CA2E8007EFF6C /* NavBar */,
				93B518682C8C86FD007EFF6C /* Rewards */,
				9357DC9D2C860437000C0B44 /* Services */,
				9357DC9C2C86041F000C0B44 /* Home */,
				9357DC9B2C860410000C0B44 /* Profile */,
			);
			path = View;
			sourceTree = "<group>";
		};
		93CAD49D2C7CAE7600D0D340 /* Model */ = {
			isa = PBXGroup;
			children = (
				6186D5342C8C15200003048F /* Reward.swift */,
				93CAD4A42C7CAFD100D0D340 /* CategoryModel.swift */,
				615390202C86068500E8EAEE /* User.swift */,
				93407DDA2C9D4E2000AB721F /* Activity.swift */,
			);
			path = Model;
			sourceTree = "<group>";
		};
/* End PBXGroup section */

/* Begin PBXNativeTarget section */
		93CAD4882C7CA88D00D0D340 /* Spontaneo */ = {
			isa = PBXNativeTarget;
			buildConfigurationList = 93CAD4972C7CA88F00D0D340 /* Build configuration list for PBXNativeTarget "Spontaneo" */;
			buildPhases = (
				93CAD4862C7CA88D00D0D340 /* Frameworks */,
				93CAD4872C7CA88D00D0D340 /* Resources */,
				43EFC2292C9D557700F01213 /* Sources */,
			);
			buildRules = (
			);
			dependencies = (
			);
			name = Spontaneo;
			packageProductDependencies = (
				43EFC1E62C9D4DB700F01213 /* FirebaseAnalytics */,
				43EFC1E82C9D4DB700F01213 /* FirebaseAnalyticsOnDeviceConversion */,
				43EFC1EA2C9D4DB700F01213 /* FirebaseAnalyticsWithoutAdIdSupport */,
				43EFC1EC2C9D4DB700F01213 /* FirebaseAppCheck */,
				43EFC1EE2C9D4DB700F01213 /* FirebaseAppDistribution-Beta */,
				43EFC1FA2C9D531700F01213 /* FirebaseAnalytics */,
				43EFC1FC2C9D531700F01213 /* FirebaseAnalyticsOnDeviceConversion */,
				43EFC1FE2C9D531700F01213 /* FirebaseAnalyticsWithoutAdIdSupport */,
				43EFC2002C9D531700F01213 /* FirebaseAppCheck */,
				43EFC2022C9D531700F01213 /* FirebaseAppDistribution-Beta */,
				43EFC2042C9D531700F01213 /* FirebaseAuth */,
				43EFC2062C9D531700F01213 /* FirebaseAuthCombine-Community */,
				43EFC2082C9D531700F01213 /* FirebaseCrashlytics */,
				43EFC20A2C9D531700F01213 /* FirebaseDatabase */,
				43EFC20C2C9D531700F01213 /* FirebaseDynamicLinks */,
				43EFC20E2C9D531700F01213 /* FirebaseFirestore */,
				43EFC2102C9D531700F01213 /* FirebaseFirestoreCombine-Community */,
				43EFC2122C9D531700F01213 /* FirebaseFunctions */,
				43EFC2142C9D531700F01213 /* FirebaseFunctionsCombine-Community */,
				43EFC2162C9D531700F01213 /* FirebaseInAppMessaging-Beta */,
				43EFC2182C9D531700F01213 /* FirebaseInstallations */,
				43EFC21A2C9D531700F01213 /* FirebaseMLModelDownloader */,
				43EFC21C2C9D531700F01213 /* FirebaseMessaging */,
				43EFC21E2C9D531700F01213 /* FirebasePerformance */,
				43EFC2202C9D531700F01213 /* FirebaseRemoteConfig */,
				43EFC2222C9D531700F01213 /* FirebaseStorage */,
				43EFC2242C9D531700F01213 /* FirebaseStorageCombine-Community */,
				43EFC2262C9D531700F01213 /* FirebaseVertexAI-Preview */,
			);
			productName = Spontaneo;
			productReference = 93CAD4892C7CA88D00D0D340 /* Spontaneo.app */;
			productType = "com.apple.product-type.application";
		};
/* End PBXNativeTarget section */

/* Begin PBXProject section */
		93CAD4812C7CA88D00D0D340 /* Project object */ = {
			isa = PBXProject;
			attributes = {
				BuildIndependentTargetsInParallel = 1;
				LastSwiftUpdateCheck = 1500;
				LastUpgradeCheck = 1500;
				TargetAttributes = {
					93CAD4882C7CA88D00D0D340 = {
						CreatedOnToolsVersion = 15.0.1;
					};
				};
			};
			buildConfigurationList = 93CAD4842C7CA88D00D0D340 /* Build configuration list for PBXProject "Spontaneo" */;
			compatibilityVersion = "Xcode 14.0";
			developmentRegion = en;
			hasScannedForEncodings = 0;
			knownRegions = (
				en,
				Base,
			);
			mainGroup = 93CAD4802C7CA88D00D0D340;
			packageReferences = (
				43EFC1E52C9D4DB700F01213 /* XCRemoteSwiftPackageReference "firebase-ios-sdk" */,
			);
			productRefGroup = 93CAD48A2C7CA88D00D0D340 /* Products */;
			projectDirPath = "";
			projectRoot = "";
			targets = (
				93CAD4882C7CA88D00D0D340 /* Spontaneo */,
			);
		};
/* End PBXProject section */

/* Begin PBXResourcesBuildPhase section */
		93CAD4872C7CA88D00D0D340 /* Resources */ = {
			isa = PBXResourcesBuildPhase;
			buildActionMask = 2147483647;
			files = (
				93CAD4942C7CA88F00D0D340 /* Preview Assets.xcassets in Resources */,
				93CAD4912C7CA88F00D0D340 /* Assets.xcassets in Resources */,
				43EFC1E42C9D4CA800F01213 /* GoogleService-Info.plist in Resources */,
			);
			runOnlyForDeploymentPostprocessing = 0;
		};
/* End PBXResourcesBuildPhase section */

/* Begin PBXSourcesBuildPhase section */
		43EFC2292C9D557700F01213 /* Sources */ = {
			isa = PBXSourcesBuildPhase;
			buildActionMask = 2147483647;
			files = (
				93407DFB2C9D639200AB721F /* CategoryModel.swift in Sources */,
				43EFC22A2C9D559600F01213 /* AuthenticationService.swift in Sources */,
				43EFC22C2C9D559600F01213 /* AuthenticationViewModel.swift in Sources */,
				43EFC2302C9D559600F01213 /* LoginView.swift in Sources */,
				43EFC2312C9D559600F01213 /* SignUpView.swift in Sources */,
				93B5186F2C8CA37D007EFF6C /* AppTabBarView.swift in Sources */,
				9357DC9F2C86045E000C0B44 /* EditProfileView.swift in Sources */,
				9357DC982C85F755000C0B44 /* ProfileView.swift in Sources */,
				619FEE262C958112008175F0 /* SettingView.swift in Sources */,
				618CA41F2C9DCAAD007B3D79 /* CreateActivityView.swift in Sources */,
				932BF88C2C88AF5D001B1EFD /* LocationManager.swift in Sources */,
				93B518752C8CA3D2007EFF6C /* TabBarItem.swift in Sources */,
				939A83472C8EB5F400007615 /* ActivityView.swift in Sources */,
				618CA4112C9D57F0007B3D79 /* ActivityDetailedView.swift in Sources */,
				9357DC942C858B19000C0B44 /* HomeView.swift in Sources */,
				93407DDB2C9D4E2100AB721F /* Activity.swift in Sources */,
				6186D5352C8C15200003048F /* Reward.swift in Sources */,
				93B5186A2C8C8706007EFF6C /* RewardsView.swift in Sources */,
				93407DDE2C9D4E6C00AB721F /* ChatView.swift in Sources */,
				610DA2032CA402B9001D15F2 /* EditActivityView.swift in Sources */,
				43E95A7D2CA3F87F00233A1F /* ActivityService.swift in Sources */,
				93B518712C8CA39E007EFF6C /* CustomTabBarContainerView.swift in Sources */,
				93B518772C8CA3EA007EFF6C /* TabBarItemsPreferenceKey.swift in Sources */,
				93CAD48D2C7CA88D00D0D340 /* SpontaneoApp.swift in Sources */,
				93B518732C8CA3BF007EFF6C /* CustomTabBarView.swift in Sources */,
				615390212C86068500E8EAEE /* User.swift in Sources */,
				615390242C86D9EC00E8EAEE /*  ProfileViewModel.swift in Sources */,
				93407DE02C9D4E8400AB721F /* InviteFriendsView.swift in Sources */,
			);
			runOnlyForDeploymentPostprocessing = 0;
		};
/* End PBXSourcesBuildPhase section */

/* Begin XCBuildConfiguration section */
		93CAD4952C7CA88F00D0D340 /* Debug */ = {
			isa = XCBuildConfiguration;
			buildSettings = {
				ALWAYS_SEARCH_USER_PATHS = NO;
				ASSETCATALOG_COMPILER_GENERATE_SWIFT_ASSET_SYMBOL_EXTENSIONS = YES;
				CLANG_ANALYZER_NONNULL = YES;
				CLANG_ANALYZER_NUMBER_OBJECT_CONVERSION = YES_AGGRESSIVE;
				CLANG_CXX_LANGUAGE_STANDARD = "gnu++20";
				CLANG_ENABLE_MODULES = YES;
				CLANG_ENABLE_OBJC_ARC = YES;
				CLANG_ENABLE_OBJC_WEAK = YES;
				CLANG_WARN_BLOCK_CAPTURE_AUTORELEASING = YES;
				CLANG_WARN_BOOL_CONVERSION = YES;
				CLANG_WARN_COMMA = YES;
				CLANG_WARN_CONSTANT_CONVERSION = YES;
				CLANG_WARN_DEPRECATED_OBJC_IMPLEMENTATIONS = YES;
				CLANG_WARN_DIRECT_OBJC_ISA_USAGE = YES_ERROR;
				CLANG_WARN_DOCUMENTATION_COMMENTS = YES;
				CLANG_WARN_EMPTY_BODY = YES;
				CLANG_WARN_ENUM_CONVERSION = YES;
				CLANG_WARN_INFINITE_RECURSION = YES;
				CLANG_WARN_INT_CONVERSION = YES;
				CLANG_WARN_NON_LITERAL_NULL_CONVERSION = YES;
				CLANG_WARN_OBJC_IMPLICIT_RETAIN_SELF = YES;
				CLANG_WARN_OBJC_LITERAL_CONVERSION = YES;
				CLANG_WARN_OBJC_ROOT_CLASS = YES_ERROR;
				CLANG_WARN_QUOTED_INCLUDE_IN_FRAMEWORK_HEADER = YES;
				CLANG_WARN_RANGE_LOOP_ANALYSIS = YES;
				CLANG_WARN_STRICT_PROTOTYPES = YES;
				CLANG_WARN_SUSPICIOUS_MOVE = YES;
				CLANG_WARN_UNGUARDED_AVAILABILITY = YES_AGGRESSIVE;
				CLANG_WARN_UNREACHABLE_CODE = YES;
				CLANG_WARN__DUPLICATE_METHOD_MATCH = YES;
				COPY_PHASE_STRIP = NO;
				DEBUG_INFORMATION_FORMAT = dwarf;
				ENABLE_STRICT_OBJC_MSGSEND = YES;
				ENABLE_TESTABILITY = YES;
				ENABLE_USER_SCRIPT_SANDBOXING = YES;
				GCC_C_LANGUAGE_STANDARD = gnu17;
				GCC_DYNAMIC_NO_PIC = NO;
				GCC_NO_COMMON_BLOCKS = YES;
				GCC_OPTIMIZATION_LEVEL = 0;
				GCC_PREPROCESSOR_DEFINITIONS = (
					"DEBUG=1",
					"$(inherited)",
				);
				GCC_WARN_64_TO_32_BIT_CONVERSION = YES;
				GCC_WARN_ABOUT_RETURN_TYPE = YES_ERROR;
				GCC_WARN_UNDECLARED_SELECTOR = YES;
				GCC_WARN_UNINITIALIZED_AUTOS = YES_AGGRESSIVE;
				GCC_WARN_UNUSED_FUNCTION = YES;
				GCC_WARN_UNUSED_VARIABLE = YES;
				IPHONEOS_DEPLOYMENT_TARGET = 17.0;
				LOCALIZATION_PREFERS_STRING_CATALOGS = YES;
				MTL_ENABLE_DEBUG_INFO = INCLUDE_SOURCE;
				MTL_FAST_MATH = YES;
				ONLY_ACTIVE_ARCH = YES;
				SDKROOT = iphoneos;
				SWIFT_ACTIVE_COMPILATION_CONDITIONS = "DEBUG $(inherited)";
				SWIFT_OPTIMIZATION_LEVEL = "-Onone";
			};
			name = Debug;
		};
		93CAD4962C7CA88F00D0D340 /* Release */ = {
			isa = XCBuildConfiguration;
			buildSettings = {
				ALWAYS_SEARCH_USER_PATHS = NO;
				ASSETCATALOG_COMPILER_GENERATE_SWIFT_ASSET_SYMBOL_EXTENSIONS = YES;
				CLANG_ANALYZER_NONNULL = YES;
				CLANG_ANALYZER_NUMBER_OBJECT_CONVERSION = YES_AGGRESSIVE;
				CLANG_CXX_LANGUAGE_STANDARD = "gnu++20";
				CLANG_ENABLE_MODULES = YES;
				CLANG_ENABLE_OBJC_ARC = YES;
				CLANG_ENABLE_OBJC_WEAK = YES;
				CLANG_WARN_BLOCK_CAPTURE_AUTORELEASING = YES;
				CLANG_WARN_BOOL_CONVERSION = YES;
				CLANG_WARN_COMMA = YES;
				CLANG_WARN_CONSTANT_CONVERSION = YES;
				CLANG_WARN_DEPRECATED_OBJC_IMPLEMENTATIONS = YES;
				CLANG_WARN_DIRECT_OBJC_ISA_USAGE = YES_ERROR;
				CLANG_WARN_DOCUMENTATION_COMMENTS = YES;
				CLANG_WARN_EMPTY_BODY = YES;
				CLANG_WARN_ENUM_CONVERSION = YES;
				CLANG_WARN_INFINITE_RECURSION = YES;
				CLANG_WARN_INT_CONVERSION = YES;
				CLANG_WARN_NON_LITERAL_NULL_CONVERSION = YES;
				CLANG_WARN_OBJC_IMPLICIT_RETAIN_SELF = YES;
				CLANG_WARN_OBJC_LITERAL_CONVERSION = YES;
				CLANG_WARN_OBJC_ROOT_CLASS = YES_ERROR;
				CLANG_WARN_QUOTED_INCLUDE_IN_FRAMEWORK_HEADER = YES;
				CLANG_WARN_RANGE_LOOP_ANALYSIS = YES;
				CLANG_WARN_STRICT_PROTOTYPES = YES;
				CLANG_WARN_SUSPICIOUS_MOVE = YES;
				CLANG_WARN_UNGUARDED_AVAILABILITY = YES_AGGRESSIVE;
				CLANG_WARN_UNREACHABLE_CODE = YES;
				CLANG_WARN__DUPLICATE_METHOD_MATCH = YES;
				COPY_PHASE_STRIP = NO;
				DEBUG_INFORMATION_FORMAT = "dwarf-with-dsym";
				ENABLE_NS_ASSERTIONS = NO;
				ENABLE_STRICT_OBJC_MSGSEND = YES;
				ENABLE_USER_SCRIPT_SANDBOXING = YES;
				GCC_C_LANGUAGE_STANDARD = gnu17;
				GCC_NO_COMMON_BLOCKS = YES;
				GCC_WARN_64_TO_32_BIT_CONVERSION = YES;
				GCC_WARN_ABOUT_RETURN_TYPE = YES_ERROR;
				GCC_WARN_UNDECLARED_SELECTOR = YES;
				GCC_WARN_UNINITIALIZED_AUTOS = YES_AGGRESSIVE;
				GCC_WARN_UNUSED_FUNCTION = YES;
				GCC_WARN_UNUSED_VARIABLE = YES;
				IPHONEOS_DEPLOYMENT_TARGET = 17.0;
				LOCALIZATION_PREFERS_STRING_CATALOGS = YES;
				MTL_ENABLE_DEBUG_INFO = NO;
				MTL_FAST_MATH = YES;
				SDKROOT = iphoneos;
				SWIFT_COMPILATION_MODE = wholemodule;
				VALIDATE_PRODUCT = YES;
			};
			name = Release;
		};
		93CAD4982C7CA88F00D0D340 /* Debug */ = {
			isa = XCBuildConfiguration;
			buildSettings = {
				ASSETCATALOG_COMPILER_APPICON_NAME = AppIcon;
				ASSETCATALOG_COMPILER_GLOBAL_ACCENT_COLOR_NAME = AccentColor;
				CODE_SIGN_STYLE = Automatic;
				CURRENT_PROJECT_VERSION = 1;
				DEVELOPMENT_ASSET_PATHS = "\"Spontaneo/Preview Content\"";
				DEVELOPMENT_TEAM = AZ3FM9MHX9;
				ENABLE_PREVIEWS = YES;
				GENERATE_INFOPLIST_FILE = YES;
				INFOPLIST_KEY_NSLocationWhenInUseUsageDescription = "We want to access your location";
				INFOPLIST_KEY_UIApplicationSceneManifest_Generation = YES;
				INFOPLIST_KEY_UIApplicationSupportsIndirectInputEvents = YES;
				INFOPLIST_KEY_UILaunchScreen_Generation = YES;
				INFOPLIST_KEY_UISupportedInterfaceOrientations_iPad = "UIInterfaceOrientationPortrait UIInterfaceOrientationPortraitUpsideDown UIInterfaceOrientationLandscapeLeft UIInterfaceOrientationLandscapeRight";
				INFOPLIST_KEY_UISupportedInterfaceOrientations_iPhone = "UIInterfaceOrientationPortrait UIInterfaceOrientationLandscapeLeft UIInterfaceOrientationLandscapeRight";
				LD_RUNPATH_SEARCH_PATHS = (
					"$(inherited)",
					"@executable_path/Frameworks",
				);
				MARKETING_VERSION = 1.0;
				PRODUCT_BUNDLE_IDENTIFIER = spontaneo.Spontaneo;
				PRODUCT_NAME = "$(TARGET_NAME)";
				SWIFT_EMIT_LOC_STRINGS = YES;
				SWIFT_VERSION = 5.0;
				TARGETED_DEVICE_FAMILY = "1,2";
			};
			name = Debug;
		};
		93CAD4992C7CA88F00D0D340 /* Release */ = {
			isa = XCBuildConfiguration;
			buildSettings = {
				ASSETCATALOG_COMPILER_APPICON_NAME = AppIcon;
				ASSETCATALOG_COMPILER_GLOBAL_ACCENT_COLOR_NAME = AccentColor;
				CODE_SIGN_IDENTITY = "Apple Development";
				CODE_SIGN_STYLE = Automatic;
				CURRENT_PROJECT_VERSION = 1;
				DEVELOPMENT_ASSET_PATHS = "\"Spontaneo/Preview Content\"";
				DEVELOPMENT_TEAM = AZ3FM9MHX9;
				ENABLE_PREVIEWS = YES;
				GENERATE_INFOPLIST_FILE = YES;
				INFOPLIST_KEY_NSLocationWhenInUseUsageDescription = "We want to access your location";
				INFOPLIST_KEY_UIApplicationSceneManifest_Generation = YES;
				INFOPLIST_KEY_UIApplicationSupportsIndirectInputEvents = YES;
				INFOPLIST_KEY_UILaunchScreen_Generation = YES;
				INFOPLIST_KEY_UISupportedInterfaceOrientations_iPad = "UIInterfaceOrientationPortrait UIInterfaceOrientationPortraitUpsideDown UIInterfaceOrientationLandscapeLeft UIInterfaceOrientationLandscapeRight";
				INFOPLIST_KEY_UISupportedInterfaceOrientations_iPhone = "UIInterfaceOrientationPortrait UIInterfaceOrientationLandscapeLeft UIInterfaceOrientationLandscapeRight";
				LD_RUNPATH_SEARCH_PATHS = (
					"$(inherited)",
					"@executable_path/Frameworks",
				);
				MARKETING_VERSION = 1.0;
				PRODUCT_BUNDLE_IDENTIFIER = spontaneo.Spontaneo;
				PRODUCT_NAME = "$(TARGET_NAME)";
				PROVISIONING_PROFILE_SPECIFIER = "";
				SWIFT_EMIT_LOC_STRINGS = YES;
				SWIFT_VERSION = 5.0;
				TARGETED_DEVICE_FAMILY = "1,2";
			};
			name = Release;
		};
/* End XCBuildConfiguration section */

/* Begin XCConfigurationList section */
		93CAD4842C7CA88D00D0D340 /* Build configuration list for PBXProject "Spontaneo" */ = {
			isa = XCConfigurationList;
			buildConfigurations = (
				93CAD4952C7CA88F00D0D340 /* Debug */,
				93CAD4962C7CA88F00D0D340 /* Release */,
			);
			defaultConfigurationIsVisible = 0;
			defaultConfigurationName = Release;
		};
		93CAD4972C7CA88F00D0D340 /* Build configuration list for PBXNativeTarget "Spontaneo" */ = {
			isa = XCConfigurationList;
			buildConfigurations = (
				93CAD4982C7CA88F00D0D340 /* Debug */,
				93CAD4992C7CA88F00D0D340 /* Release */,
			);
			defaultConfigurationIsVisible = 0;
			defaultConfigurationName = Release;
		};
/* End XCConfigurationList section */

/* Begin XCRemoteSwiftPackageReference section */
		43EFC1E52C9D4DB700F01213 /* XCRemoteSwiftPackageReference "firebase-ios-sdk" */ = {
			isa = XCRemoteSwiftPackageReference;
			repositoryURL = "https://github.com/firebase/firebase-ios-sdk";
			requirement = {
				kind = upToNextMajorVersion;
				minimumVersion = 11.2.0;
			};
		};
/* End XCRemoteSwiftPackageReference section */

/* Begin XCSwiftPackageProductDependency section */
		43EFC1E62C9D4DB700F01213 /* FirebaseAnalytics */ = {
			isa = XCSwiftPackageProductDependency;
			package = 43EFC1E52C9D4DB700F01213 /* XCRemoteSwiftPackageReference "firebase-ios-sdk" */;
			productName = FirebaseAnalytics;
		};
		43EFC1E82C9D4DB700F01213 /* FirebaseAnalyticsOnDeviceConversion */ = {
			isa = XCSwiftPackageProductDependency;
			package = 43EFC1E52C9D4DB700F01213 /* XCRemoteSwiftPackageReference "firebase-ios-sdk" */;
			productName = FirebaseAnalyticsOnDeviceConversion;
		};
		43EFC1EA2C9D4DB700F01213 /* FirebaseAnalyticsWithoutAdIdSupport */ = {
			isa = XCSwiftPackageProductDependency;
			package = 43EFC1E52C9D4DB700F01213 /* XCRemoteSwiftPackageReference "firebase-ios-sdk" */;
			productName = FirebaseAnalyticsWithoutAdIdSupport;
		};
		43EFC1EC2C9D4DB700F01213 /* FirebaseAppCheck */ = {
			isa = XCSwiftPackageProductDependency;
			package = 43EFC1E52C9D4DB700F01213 /* XCRemoteSwiftPackageReference "firebase-ios-sdk" */;
			productName = FirebaseAppCheck;
		};
		43EFC1EE2C9D4DB700F01213 /* FirebaseAppDistribution-Beta */ = {
			isa = XCSwiftPackageProductDependency;
			package = 43EFC1E52C9D4DB700F01213 /* XCRemoteSwiftPackageReference "firebase-ios-sdk" */;
			productName = "FirebaseAppDistribution-Beta";
		};
		43EFC1FA2C9D531700F01213 /* FirebaseAnalytics */ = {
			isa = XCSwiftPackageProductDependency;
			productName = FirebaseAnalytics;
		};
		43EFC1FC2C9D531700F01213 /* FirebaseAnalyticsOnDeviceConversion */ = {
			isa = XCSwiftPackageProductDependency;
			productName = FirebaseAnalyticsOnDeviceConversion;
		};
		43EFC1FE2C9D531700F01213 /* FirebaseAnalyticsWithoutAdIdSupport */ = {
			isa = XCSwiftPackageProductDependency;
			productName = FirebaseAnalyticsWithoutAdIdSupport;
		};
		43EFC2002C9D531700F01213 /* FirebaseAppCheck */ = {
			isa = XCSwiftPackageProductDependency;
			productName = FirebaseAppCheck;
		};
		43EFC2022C9D531700F01213 /* FirebaseAppDistribution-Beta */ = {
			isa = XCSwiftPackageProductDependency;
			productName = "FirebaseAppDistribution-Beta";
		};
		43EFC2042C9D531700F01213 /* FirebaseAuth */ = {
			isa = XCSwiftPackageProductDependency;
			productName = FirebaseAuth;
		};
		43EFC2062C9D531700F01213 /* FirebaseAuthCombine-Community */ = {
			isa = XCSwiftPackageProductDependency;
			productName = "FirebaseAuthCombine-Community";
		};
		43EFC2082C9D531700F01213 /* FirebaseCrashlytics */ = {
			isa = XCSwiftPackageProductDependency;
			productName = FirebaseCrashlytics;
		};
		43EFC20A2C9D531700F01213 /* FirebaseDatabase */ = {
			isa = XCSwiftPackageProductDependency;
			productName = FirebaseDatabase;
		};
		43EFC20C2C9D531700F01213 /* FirebaseDynamicLinks */ = {
			isa = XCSwiftPackageProductDependency;
			productName = FirebaseDynamicLinks;
		};
		43EFC20E2C9D531700F01213 /* FirebaseFirestore */ = {
			isa = XCSwiftPackageProductDependency;
			productName = FirebaseFirestore;
		};
		43EFC2102C9D531700F01213 /* FirebaseFirestoreCombine-Community */ = {
			isa = XCSwiftPackageProductDependency;
			productName = "FirebaseFirestoreCombine-Community";
		};
		43EFC2122C9D531700F01213 /* FirebaseFunctions */ = {
			isa = XCSwiftPackageProductDependency;
			productName = FirebaseFunctions;
		};
		43EFC2142C9D531700F01213 /* FirebaseFunctionsCombine-Community */ = {
			isa = XCSwiftPackageProductDependency;
			productName = "FirebaseFunctionsCombine-Community";
		};
		43EFC2162C9D531700F01213 /* FirebaseInAppMessaging-Beta */ = {
			isa = XCSwiftPackageProductDependency;
			productName = "FirebaseInAppMessaging-Beta";
		};
		43EFC2182C9D531700F01213 /* FirebaseInstallations */ = {
			isa = XCSwiftPackageProductDependency;
			productName = FirebaseInstallations;
		};
		43EFC21A2C9D531700F01213 /* FirebaseMLModelDownloader */ = {
			isa = XCSwiftPackageProductDependency;
			productName = FirebaseMLModelDownloader;
		};
		43EFC21C2C9D531700F01213 /* FirebaseMessaging */ = {
			isa = XCSwiftPackageProductDependency;
			productName = FirebaseMessaging;
		};
		43EFC21E2C9D531700F01213 /* FirebasePerformance */ = {
			isa = XCSwiftPackageProductDependency;
			productName = FirebasePerformance;
		};
		43EFC2202C9D531700F01213 /* FirebaseRemoteConfig */ = {
			isa = XCSwiftPackageProductDependency;
			productName = FirebaseRemoteConfig;
		};
		43EFC2222C9D531700F01213 /* FirebaseStorage */ = {
			isa = XCSwiftPackageProductDependency;
			productName = FirebaseStorage;
		};
		43EFC2242C9D531700F01213 /* FirebaseStorageCombine-Community */ = {
			isa = XCSwiftPackageProductDependency;
			productName = "FirebaseStorageCombine-Community";
		};
		43EFC2262C9D531700F01213 /* FirebaseVertexAI-Preview */ = {
			isa = XCSwiftPackageProductDependency;
			productName = "FirebaseVertexAI-Preview";
		};
/* End XCSwiftPackageProductDependency section */
	};
	rootObject = 93CAD4812C7CA88D00D0D340 /* Project object */;
}
